
Microsoft Visual Studio Solution File, Format Version 12.00
# Visual Studio Version 17
VisualStudioVersion = 17.14.36915.13 d17.14
MinimumVisualStudioVersion = 10.0.40219.1
Project("{FAE04EC0-301F-11D3-BF4B-00C04F79EFBC}") = "Pr_33", "Pr_33\Pr_33.csproj", "{CA367183-7DA9-4B7D-816D-F307E5D77B19}"
EndProject
Global
	GlobalSection(SolutionConfigurationPlatforms) = preSolution
		Debug|Any CPU = Debug|Any CPU
		Release|Any CPU = Release|Any CPU
	EndGlobalSection
	GlobalSection(ProjectConfigurationPlatforms) = postSolution
		{CA367183-7DA9-4B7D-816D-F307E5D77B19}.Debug|Any CPU.ActiveCfg = Debug|Any CPU
		{CA367183-7DA9-4B7D-816D-F307E5D77B19}.Debug|Any CPU.Build.0 = Debug|Any CPU
		{CA367183-7DA9-4B7D-816D-F307E5D77B19}.Release|Any CPU.ActiveCfg = Release|Any CPU
		{CA367183-7DA9-4B7D-816D-F307E5D77B19}.Release|Any CPU.Build.0 = Release|Any CPU
	EndGlobalSection
	GlobalSection(SolutionProperties) = preSolution
		HideSolutionNode = FALSE
	EndGlobalSection
	GlobalSection(ExtensibilityGlobals) = postSolution
		SolutionGuid = {B15A0666-AAD0-4B1F-8E40-B9C99F000E28}
	EndGlobalSection
EndGlobal
