
Microsoft Visual Studio Solution File, Format Version 12.00
# Visual Studio Version 16
VisualStudioVersion = 16.0.34729.46
MinimumVisualStudioVersion = 10.0.40219.1
Project("{FAE04EC0-301F-11D3-BF4B-00C04F79EFBC}") = "PR-17_BEZR", "PR-17_BEZR\PR-17_BEZR.csproj", "{76A238C9-7B01-4598-B470-CCCD347175D7}"
EndProject
Global
	GlobalSection(SolutionConfigurationPlatforms) = preSolution
		Debug|Any CPU = Debug|Any CPU
		Release|Any CPU = Release|Any CPU
	EndGlobalSection
	GlobalSection(ProjectConfigurationPlatforms) = postSolution
		{76A238C9-7B01-4598-B470-CCCD347175D7}.Debug|Any CPU.ActiveCfg = Debug|Any CPU
		{76A238C9-7B01-4598-B470-CCCD347175D7}.Debug|Any CPU.Build.0 = Debug|Any CPU
		{76A238C9-7B01-4598-B470-CCCD347175D7}.Release|Any CPU.ActiveCfg = Release|Any CPU
		{76A238C9-7B01-4598-B470-CCCD347175D7}.Release|Any CPU.Build.0 = Release|Any CPU
	EndGlobalSection
	GlobalSection(SolutionProperties) = preSolution
		HideSolutionNode = FALSE
	EndGlobalSection
	GlobalSection(ExtensibilityGlobals) = postSolution
		SolutionGuid = {50D897C6-5A2A-4A78-B97A-ACF4582187B6}
	EndGlobalSection
EndGlobal
